
Microsoft Visual Studio Solution File, Format Version 12.00
# Visual Studio 15
VisualStudioVersion = 15.0.28307.271
MinimumVisualStudioVersion = 10.0.40219.1
Project("{9092AA53-FB77-4645-B42D-1CCCA6BD08BD}") = "NodejsAG", "ArduServer\NodejsAG.njsproj", "{CA950FC1-720D-4ED3-8C4F-DE55A6CF9BE4}"
EndProject
Global
	GlobalSection(SolutionConfigurationPlatforms) = preSolution
		Debug|Any CPU = Debug|Any CPU
		Release|Any CPU = Release|Any CPU
	EndGlobalSection
	GlobalSection(ProjectConfigurationPlatforms) = postSolution
		{CA950FC1-720D-4ED3-8C4F-DE55A6CF9BE4}.Debug|Any CPU.ActiveCfg = Debug|Any CPU
		{CA950FC1-720D-4ED3-8C4F-DE55A6CF9BE4}.Debug|Any CPU.Build.0 = Debug|Any CPU
		{CA950FC1-720D-4ED3-8C4F-DE55A6CF9BE4}.Release|Any CPU.ActiveCfg = Release|Any CPU
		{CA950FC1-720D-4ED3-8C4F-DE55A6CF9BE4}.Release|Any CPU.Build.0 = Release|Any CPU
	EndGlobalSection
	GlobalSection(SolutionProperties) = preSolution
		HideSolutionNode = FALSE
	EndGlobalSection
	GlobalSection(ExtensibilityGlobals) = postSolution
		SolutionGuid = {B9BB421D-6A0C-4868-ADC5-6163A53BF29D}
	EndGlobalSection
EndGlobal
